#########################################################

- alias: "alarm clock"
  trigger:
    - platform: template
      value_template: '{{ states.sensor.time.state == states.sensor.alarm_clock_time_long.state }}'
  condition:
    - condition: state
      entity_id: input_boolean.alarm_clock_status
      state: 'on'
  action:
    - service: switch.turn_on
      entity_id:
        - switch.cover_state_chambre_1
        - switch.cover_state_chambre_2

#########################################################
