#########################################################
# Input boolean: Alarm clock status                     #
#########################################################

alarm_clock_status:
  initial: on

#########################################################
# End                                                   #
#########################################################
